// !$*UTF8*$!
{
	archiveVersion = 1;
	classes = {
	};
	objectVersion = 50;
	objects = {

/* Begin PBXBuildFile section */
		4C0FF858260E795A00D99ABA /* AppsVC.swift in Sources */ = {isa = PBXBuildFile; fileRef = 4C0FF857260E795A00D99ABA /* AppsVC.swift */; };
		4C0FF85C260E79D500D99ABA /* CollectionView.swift in Sources */ = {isa = PBXBuildFile; fileRef = 4C0FF85B260E79D500D99ABA /* CollectionView.swift */; };
		4C0FF861260E7CCE00D99ABA /* AppsGroupCell.swift in Sources */ = {isa = PBXBuildFile; fileRef = 4C0FF860260E7CCE00D99ABA /* AppsGroupCell.swift */; };
		4C0FF864260E7F6500D99ABA /* AppsGroupVC.swift in Sources */ = {isa = PBXBuildFile; fileRef = 4C0FF863260E7F6500D99ABA /* AppsGroupVC.swift */; };
		4C0FF86D260ED15E00D99ABA /* AppRowCell.swift in Sources */ = {isa = PBXBuildFile; fileRef = 4C0FF86C260ED15E00D99ABA /* AppRowCell.swift */; };
		4C0FF871260ED2BB00D99ABA /* Button.swift in Sources */ = {isa = PBXBuildFile; fileRef = 4C0FF870260ED2BB00D99ABA /* Button.swift */; };
		4C0FF874260EDF7F00D99ABA /* AppsVCHeaderView.swift in Sources */ = {isa = PBXBuildFile; fileRef = 4C0FF873260EDF7F00D99ABA /* AppsVCHeaderView.swift */; };
		4C0FF87C260EE18600D99ABA /* HeaderVC.swift in Sources */ = {isa = PBXBuildFile; fileRef = 4C0FF87B260EE18600D99ABA /* HeaderVC.swift */; };
		4C0FF880260EE3C300D99ABA /* HeaderCell.swift in Sources */ = {isa = PBXBuildFile; fileRef = 4C0FF87F260EE3C300D99ABA /* HeaderCell.swift */; };
		4CDADF51260D266300EEB89F /* AppDelegate.swift in Sources */ = {isa = PBXBuildFile; fileRef = 4CDADF50260D266300EEB89F /* AppDelegate.swift */; };
		4CDADF53260D266300EEB89F /* SceneDelegate.swift in Sources */ = {isa = PBXBuildFile; fileRef = 4CDADF52260D266300EEB89F /* SceneDelegate.swift */; };
		4CDADF55260D266300EEB89F /* BaseTabBarController.swift in Sources */ = {isa = PBXBuildFile; fileRef = 4CDADF54260D266300EEB89F /* BaseTabBarController.swift */; };
		4CDADF5A260D266400EEB89F /* Assets.xcassets in Resources */ = {isa = PBXBuildFile; fileRef = 4CDADF59260D266400EEB89F /* Assets.xcassets */; };
		4CDADF5D260D266400EEB89F /* LaunchScreen.storyboard in Resources */ = {isa = PBXBuildFile; fileRef = 4CDADF5B260D266400EEB89F /* LaunchScreen.storyboard */; };
		4CDADF6C260D3B2000EEB89F /* SearchVC.swift in Sources */ = {isa = PBXBuildFile; fileRef = 4CDADF6B260D3B2000EEB89F /* SearchVC.swift */; };
		4CDADF71260D3E7C00EEB89F /* SearchResultsCell.swift in Sources */ = {isa = PBXBuildFile; fileRef = 4CDADF70260D3E7C00EEB89F /* SearchResultsCell.swift */; };
		4CDADF76260D612600EEB89F /* UIView.swift in Sources */ = {isa = PBXBuildFile; fileRef = 4CDADF75260D612600EEB89F /* UIView.swift */; };
		4CDADF7A260D801E00EEB89F /* Label.swift in Sources */ = {isa = PBXBuildFile; fileRef = 4CDADF79260D801E00EEB89F /* Label.swift */; };
		4CDADF81260D815200EEB89F /* ImageView.swift in Sources */ = {isa = PBXBuildFile; fileRef = 4CDADF80260D815200EEB89F /* ImageView.swift */; };
		4CDADF85260D877400EEB89F /* StackView.swift in Sources */ = {isa = PBXBuildFile; fileRef = 4CDADF84260D877400EEB89F /* StackView.swift */; };
		4CDADF8C260D8F2E00EEB89F /* NetworkManager.swift in Sources */ = {isa = PBXBuildFile; fileRef = 4CDADF8B260D8F2E00EEB89F /* NetworkManager.swift */; };
		4CDADF92260D903300EEB89F /* SearchResult.swift in Sources */ = {isa = PBXBuildFile; fileRef = 4CDADF91260D903300EEB89F /* SearchResult.swift */; };
/* End PBXBuildFile section */

/* Begin PBXFileReference section */
		4C0FF857260E795A00D99ABA /* AppsVC.swift */ = {isa = PBXFileReference; lastKnownFileType = sourcecode.swift; path = AppsVC.swift; sourceTree = "<group>"; };
		4C0FF85B260E79D500D99ABA /* CollectionView.swift */ = {isa = PBXFileReference; lastKnownFileType = sourcecode.swift; path = CollectionView.swift; sourceTree = "<group>"; };
		4C0FF860260E7CCE00D99ABA /* AppsGroupCell.swift */ = {isa = PBXFileReference; lastKnownFileType = sourcecode.swift; path = AppsGroupCell.swift; sourceTree = "<group>"; };
		4C0FF863260E7F6500D99ABA /* AppsGroupVC.swift */ = {isa = PBXFileReference; lastKnownFileType = sourcecode.swift; path = AppsGroupVC.swift; sourceTree = "<group>"; };
		4C0FF86C260ED15E00D99ABA /* AppRowCell.swift */ = {isa = PBXFileReference; lastKnownFileType = sourcecode.swift; path = AppRowCell.swift; sourceTree = "<group>"; };
		4C0FF870260ED2BB00D99ABA /* Button.swift */ = {isa = PBXFileReference; lastKnownFileType = sourcecode.swift; path = Button.swift; sourceTree = "<group>"; };
		4C0FF873260EDF7F00D99ABA /* AppsVCHeaderView.swift */ = {isa = PBXFileReference; lastKnownFileType = sourcecode.swift; path = AppsVCHeaderView.swift; sourceTree = "<group>"; };
		4C0FF87B260EE18600D99ABA /* HeaderVC.swift */ = {isa = PBXFileReference; lastKnownFileType = sourcecode.swift; path = HeaderVC.swift; sourceTree = "<group>"; };
		4C0FF87F260EE3C300D99ABA /* HeaderCell.swift */ = {isa = PBXFileReference; lastKnownFileType = sourcecode.swift; path = HeaderCell.swift; sourceTree = "<group>"; };
		4CDADF4D260D266300EEB89F /* AppStore.app */ = {isa = PBXFileReference; explicitFileType = wrapper.application; includeInIndex = 0; path = AppStore.app; sourceTree = BUILT_PRODUCTS_DIR; };
		4CDADF50260D266300EEB89F /* AppDelegate.swift */ = {isa = PBXFileReference; lastKnownFileType = sourcecode.swift; path = AppDelegate.swift; sourceTree = "<group>"; };
		4CDADF52260D266300EEB89F /* SceneDelegate.swift */ = {isa = PBXFileReference; lastKnownFileType = sourcecode.swift; path = SceneDelegate.swift; sourceTree = "<group>"; };
		4CDADF54260D266300EEB89F /* BaseTabBarController.swift */ = {isa = PBXFileReference; lastKnownFileType = sourcecode.swift; path = BaseTabBarController.swift; sourceTree = "<group>"; };
		4CDADF59260D266400EEB89F /* Assets.xcassets */ = {isa = PBXFileReference; lastKnownFileType = folder.assetcatalog; path = Assets.xcassets; sourceTree = "<group>"; };
		4CDADF5C260D266400EEB89F /* Base */ = {isa = PBXFileReference; lastKnownFileType = file.storyboard; name = Base; path = Base.lproj/LaunchScreen.storyboard; sourceTree = "<group>"; };
		4CDADF5E260D266400EEB89F /* Info.plist */ = {isa = PBXFileReference; lastKnownFileType = text.plist.xml; path = Info.plist; sourceTree = "<group>"; };
		4CDADF6B260D3B2000EEB89F /* SearchVC.swift */ = {isa = PBXFileReference; lastKnownFileType = sourcecode.swift; path = SearchVC.swift; sourceTree = "<group>"; };
		4CDADF70260D3E7C00EEB89F /* SearchResultsCell.swift */ = {isa = PBXFileReference; lastKnownFileType = sourcecode.swift; path = SearchResultsCell.swift; sourceTree = "<group>"; };
		4CDADF75260D612600EEB89F /* UIView.swift */ = {isa = PBXFileReference; lastKnownFileType = sourcecode.swift; path = UIView.swift; sourceTree = "<group>"; };
		4CDADF79260D801E00EEB89F /* Label.swift */ = {isa = PBXFileReference; lastKnownFileType = sourcecode.swift; path = Label.swift; sourceTree = "<group>"; };
		4CDADF80260D815200EEB89F /* ImageView.swift */ = {isa = PBXFileReference; lastKnownFileType = sourcecode.swift; path = ImageView.swift; sourceTree = "<group>"; };
		4CDADF84260D877400EEB89F /* StackView.swift */ = {isa = PBXFileReference; lastKnownFileType = sourcecode.swift; path = StackView.swift; sourceTree = "<group>"; };
		4CDADF8B260D8F2E00EEB89F /* NetworkManager.swift */ = {isa = PBXFileReference; lastKnownFileType = sourcecode.swift; path = NetworkManager.swift; sourceTree = "<group>"; };
		4CDADF91260D903300EEB89F /* SearchResult.swift */ = {isa = PBXFileReference; lastKnownFileType = sourcecode.swift; path = SearchResult.swift; sourceTree = "<group>"; };
/* End PBXFileReference section */

/* Begin PBXFrameworksBuildPhase section */
		4CDADF4A260D266300EEB89F /* Frameworks */ = {
			isa = PBXFrameworksBuildPhase;
			buildActionMask = 2147483647;
			files = (
			);
			runOnlyForDeploymentPostprocessing = 0;
		};
/* End PBXFrameworksBuildPhase section */

/* Begin PBXGroup section */
		4C0FF866260E930300D99ABA /* Cells */ = {
			isa = PBXGroup;
			children = (
				4C0FF869260E931400D99ABA /* Search */,
				4C0FF867260E930900D99ABA /* Apps */,
			);
			path = Cells;
			sourceTree = "<group>";
		};
		4C0FF867260E930900D99ABA /* Apps */ = {
			isa = PBXGroup;
			children = (
				4C0FF879260EE16500D99ABA /* Header */,
				4C0FF877260EE15A00D99ABA /* AppGroups */,
			);
			path = Apps;
			sourceTree = "<group>";
		};
		4C0FF869260E931400D99ABA /* Search */ = {
			isa = PBXGroup;
			children = (
				4CDADF70260D3E7C00EEB89F /* SearchResultsCell.swift */,
			);
			path = Search;
			sourceTree = "<group>";
		};
		4C0FF877260EE15A00D99ABA /* AppGroups */ = {
			isa = PBXGroup;
			children = (
				4C0FF86C260ED15E00D99ABA /* AppRowCell.swift */,
				4C0FF863260E7F6500D99ABA /* AppsGroupVC.swift */,
				4C0FF860260E7CCE00D99ABA /* AppsGroupCell.swift */,
			);
			path = AppGroups;
			sourceTree = "<group>";
		};
		4C0FF879260EE16500D99ABA /* Header */ = {
			isa = PBXGroup;
			children = (
				4C0FF87F260EE3C300D99ABA /* HeaderCell.swift */,
				4C0FF87B260EE18600D99ABA /* HeaderVC.swift */,
				4C0FF873260EDF7F00D99ABA /* AppsVCHeaderView.swift */,
			);
			path = Header;
			sourceTree = "<group>";
		};
		4CDADF44260D266300EEB89F = {
			isa = PBXGroup;
			children = (
				4CDADF4F260D266300EEB89F /* AppStore */,
				4CDADF4E260D266300EEB89F /* Products */,
			);
			sourceTree = "<group>";
		};
		4CDADF4E260D266300EEB89F /* Products */ = {
			isa = PBXGroup;
			children = (
				4CDADF4D260D266300EEB89F /* AppStore.app */,
			);
			name = Products;
			sourceTree = "<group>";
		};
		4CDADF4F260D266300EEB89F /* AppStore */ = {
			isa = PBXGroup;
			children = (
				4CDADF50260D266300EEB89F /* AppDelegate.swift */,
				4CDADF52260D266300EEB89F /* SceneDelegate.swift */,
				4CDADF59260D266400EEB89F /* Assets.xcassets */,
				4CDADF5B260D266400EEB89F /* LaunchScreen.storyboard */,
				4CDADF74260D611A00EEB89F /* Extensions */,
				4CDADF8A260D8F1F00EEB89F /* Manager */,
				4CDADF90260D902500EEB89F /* Model */,
				4CDADF6F260D3E6500EEB89F /* Views */,
				4CDADF6A260D3B0300EEB89F /* Controllers */,
				4CDADF5E260D266400EEB89F /* Info.plist */,
			);
			path = AppStore;
			sourceTree = "<group>";
		};
		4CDADF6A260D3B0300EEB89F /* Controllers */ = {
			isa = PBXGroup;
			children = (
				4CDADF54260D266300EEB89F /* BaseTabBarController.swift */,
				4C0FF857260E795A00D99ABA /* AppsVC.swift */,
				4CDADF6B260D3B2000EEB89F /* SearchVC.swift */,
			);
			path = Controllers;
			sourceTree = "<group>";
		};
		4CDADF6F260D3E6500EEB89F /* Views */ = {
			isa = PBXGroup;
			children = (
				4CDADF88260D8B3500EEB89F /* GenericViews */,
				4C0FF866260E930300D99ABA /* Cells */,
			);
			path = Views;
			sourceTree = "<group>";
		};
		4CDADF74260D611A00EEB89F /* Extensions */ = {
			isa = PBXGroup;
			children = (
				4CDADF75260D612600EEB89F /* UIView.swift */,
			);
			path = Extensions;
			sourceTree = "<group>";
		};
		4CDADF88260D8B3500EEB89F /* GenericViews */ = {
			isa = PBXGroup;
			children = (
				4CDADF79260D801E00EEB89F /* Label.swift */,
				4CDADF80260D815200EEB89F /* ImageView.swift */,
				4CDADF84260D877400EEB89F /* StackView.swift */,
				4C0FF85B260E79D500D99ABA /* CollectionView.swift */,
				4C0FF870260ED2BB00D99ABA /* Button.swift */,
			);
			path = GenericViews;
			sourceTree = "<group>";
		};
		4CDADF8A260D8F1F00EEB89F /* Manager */ = {
			isa = PBXGroup;
			children = (
				4CDADF8B260D8F2E00EEB89F /* NetworkManager.swift */,
			);
			path = Manager;
			sourceTree = "<group>";
		};
		4CDADF90260D902500EEB89F /* Model */ = {
			isa = PBXGroup;
			children = (
				4CDADF91260D903300EEB89F /* SearchResult.swift */,
			);
			path = Model;
			sourceTree = "<group>";
		};
/* End PBXGroup section */

/* Begin PBXNativeTarget section */
		4CDADF4C260D266300EEB89F /* AppStore */ = {
			isa = PBXNativeTarget;
			buildConfigurationList = 4CDADF61260D266400EEB89F /* Build configuration list for PBXNativeTarget "AppStore" */;
			buildPhases = (
				4CDADF49260D266300EEB89F /* Sources */,
				4CDADF4A260D266300EEB89F /* Frameworks */,
				4CDADF4B260D266300EEB89F /* Resources */,
			);
			buildRules = (
			);
			dependencies = (
			);
			name = AppStore;
			productName = AppStore;
			productReference = 4CDADF4D260D266300EEB89F /* AppStore.app */;
			productType = "com.apple.product-type.application";
		};
/* End PBXNativeTarget section */

/* Begin PBXProject section */
		4CDADF45260D266300EEB89F /* Project object */ = {
			isa = PBXProject;
			attributes = {
				LastSwiftUpdateCheck = 1240;
				LastUpgradeCheck = 1240;
				TargetAttributes = {
					4CDADF4C260D266300EEB89F = {
						CreatedOnToolsVersion = 12.4;
					};
				};
			};
			buildConfigurationList = 4CDADF48260D266300EEB89F /* Build configuration list for PBXProject "AppStore" */;
			compatibilityVersion = "Xcode 9.3";
			developmentRegion = en;
			hasScannedForEncodings = 0;
			knownRegions = (
				en,
				Base,
			);
			mainGroup = 4CDADF44260D266300EEB89F;
			productRefGroup = 4CDADF4E260D266300EEB89F /* Products */;
			projectDirPath = "";
			projectRoot = "";
			targets = (
				4CDADF4C260D266300EEB89F /* AppStore */,
			);
		};
/* End PBXProject section */

/* Begin PBXResourcesBuildPhase section */
		4CDADF4B260D266300EEB89F /* Resources */ = {
			isa = PBXResourcesBuildPhase;
			buildActionMask = 2147483647;
			files = (
				4CDADF5D260D266400EEB89F /* LaunchScreen.storyboard in Resources */,
				4CDADF5A260D266400EEB89F /* Assets.xcassets in Resources */,
			);
			runOnlyForDeploymentPostprocessing = 0;
		};
/* End PBXResourcesBuildPhase section */

/* Begin PBXSourcesBuildPhase section */
		4CDADF49260D266300EEB89F /* Sources */ = {
			isa = PBXSourcesBuildPhase;
			buildActionMask = 2147483647;
			files = (
				4C0FF85C260E79D500D99ABA /* CollectionView.swift in Sources */,
				4C0FF87C260EE18600D99ABA /* HeaderVC.swift in Sources */,
				4CDADF92260D903300EEB89F /* SearchResult.swift in Sources */,
				4CDADF81260D815200EEB89F /* ImageView.swift in Sources */,
				4CDADF6C260D3B2000EEB89F /* SearchVC.swift in Sources */,
				4C0FF86D260ED15E00D99ABA /* AppRowCell.swift in Sources */,
				4CDADF8C260D8F2E00EEB89F /* NetworkManager.swift in Sources */,
				4C0FF858260E795A00D99ABA /* AppsVC.swift in Sources */,
				4CDADF71260D3E7C00EEB89F /* SearchResultsCell.swift in Sources */,
				4C0FF861260E7CCE00D99ABA /* AppsGroupCell.swift in Sources */,
				4CDADF55260D266300EEB89F /* BaseTabBarController.swift in Sources */,
				4CDADF7A260D801E00EEB89F /* Label.swift in Sources */,
				4CDADF85260D877400EEB89F /* StackView.swift in Sources */,
				4CDADF51260D266300EEB89F /* AppDelegate.swift in Sources */,
				4CDADF76260D612600EEB89F /* UIView.swift in Sources */,
				4C0FF864260E7F6500D99ABA /* AppsGroupVC.swift in Sources */,
				4C0FF880260EE3C300D99ABA /* HeaderCell.swift in Sources */,
				4CDADF53260D266300EEB89F /* SceneDelegate.swift in Sources */,
				4C0FF874260EDF7F00D99ABA /* AppsVCHeaderView.swift in Sources */,
				4C0FF871260ED2BB00D99ABA /* Button.swift in Sources */,
			);
			runOnlyForDeploymentPostprocessing = 0;
		};
/* End PBXSourcesBuildPhase section */

/* Begin PBXVariantGroup section */
		4CDADF5B260D266400EEB89F /* LaunchScreen.storyboard */ = {
			isa = PBXVariantGroup;
			children = (
				4CDADF5C260D266400EEB89F /* Base */,
			);
			name = LaunchScreen.storyboard;
			sourceTree = "<group>";
		};
/* End PBXVariantGroup section */

/* Begin XCBuildConfiguration section */
		4CDADF5F260D266400EEB89F /* Debug */ = {
			isa = XCBuildConfiguration;
			buildSettings = {
				ALWAYS_SEARCH_USER_PATHS = NO;
				CLANG_ANALYZER_NONNULL = YES;
				CLANG_ANALYZER_NUMBER_OBJECT_CONVERSION = YES_AGGRESSIVE;
				CLANG_CXX_LANGUAGE_STANDARD = "gnu++14";
				CLANG_CXX_LIBRARY = "libc++";
				CLANG_ENABLE_MODULES = YES;
				CLANG_ENABLE_OBJC_ARC = YES;
				CLANG_ENABLE_OBJC_WEAK = YES;
				CLANG_WARN_BLOCK_CAPTURE_AUTORELEASING = YES;
				CLANG_WARN_BOOL_CONVERSION = YES;
				CLANG_WARN_COMMA = YES;
				CLANG_WARN_CONSTANT_CONVERSION = YES;
				CLANG_WARN_DEPRECATED_OBJC_IMPLEMENTATIONS = YES;
				CLANG_WARN_DIRECT_OBJC_ISA_USAGE = YES_ERROR;
				CLANG_WARN_DOCUMENTATION_COMMENTS = YES;
				CLANG_WARN_EMPTY_BODY = YES;
				CLANG_WARN_ENUM_CONVERSION = YES;
				CLANG_WARN_INFINITE_RECURSION = YES;
				CLANG_WARN_INT_CONVERSION = YES;
				CLANG_WARN_NON_LITERAL_NULL_CONVERSION = YES;
				CLANG_WARN_OBJC_IMPLICIT_RETAIN_SELF = YES;
				CLANG_WARN_OBJC_LITERAL_CONVERSION = YES;
				CLANG_WARN_OBJC_ROOT_CLASS = YES_ERROR;
				CLANG_WARN_QUOTED_INCLUDE_IN_FRAMEWORK_HEADER = YES;
				CLANG_WARN_RANGE_LOOP_ANALYSIS = YES;
				CLANG_WARN_STRICT_PROTOTYPES = YES;
				CLANG_WARN_SUSPICIOUS_MOVE = YES;
				CLANG_WARN_UNGUARDED_AVAILABILITY = YES_AGGRESSIVE;
				CLANG_WARN_UNREACHABLE_CODE = YES;
				CLANG_WARN__DUPLICATE_METHOD_MATCH = YES;
				COPY_PHASE_STRIP = NO;
				DEBUG_INFORMATION_FORMAT = dwarf;
				ENABLE_STRICT_OBJC_MSGSEND = YES;
				ENABLE_TESTABILITY = YES;
				GCC_C_LANGUAGE_STANDARD = gnu11;
				GCC_DYNAMIC_NO_PIC = NO;
				GCC_NO_COMMON_BLOCKS = YES;
				GCC_OPTIMIZATION_LEVEL = 0;
				GCC_PREPROCESSOR_DEFINITIONS = (
					"DEBUG=1",
					"$(inherited)",
				);
				GCC_WARN_64_TO_32_BIT_CONVERSION = YES;
				GCC_WARN_ABOUT_RETURN_TYPE = YES_ERROR;
				GCC_WARN_UNDECLARED_SELECTOR = YES;
				GCC_WARN_UNINITIALIZED_AUTOS = YES_AGGRESSIVE;
				GCC_WARN_UNUSED_FUNCTION = YES;
				GCC_WARN_UNUSED_VARIABLE = YES;
				IPHONEOS_DEPLOYMENT_TARGET = 14.4;
				MTL_ENABLE_DEBUG_INFO = INCLUDE_SOURCE;
				MTL_FAST_MATH = YES;
				ONLY_ACTIVE_ARCH = YES;
				SDKROOT = iphoneos;
				SWIFT_ACTIVE_COMPILATION_CONDITIONS = DEBUG;
				SWIFT_OPTIMIZATION_LEVEL = "-Onone";
			};
			name = Debug;
		};
		4CDADF60260D266400EEB89F /* Release */ = {
			isa = XCBuildConfiguration;
			buildSettings = {
				ALWAYS_SEARCH_USER_PATHS = NO;
				CLANG_ANALYZER_NONNULL = YES;
				CLANG_ANALYZER_NUMBER_OBJECT_CONVERSION = YES_AGGRESSIVE;
				CLANG_CXX_LANGUAGE_STANDARD = "gnu++14";
				CLANG_CXX_LIBRARY = "libc++";
				CLANG_ENABLE_MODULES = YES;
				CLANG_ENABLE_OBJC_ARC = YES;
				CLANG_ENABLE_OBJC_WEAK = YES;
				CLANG_WARN_BLOCK_CAPTURE_AUTORELEASING = YES;
				CLANG_WARN_BOOL_CONVERSION = YES;
				CLANG_WARN_COMMA = YES;
				CLANG_WARN_CONSTANT_CONVERSION = YES;
				CLANG_WARN_DEPRECATED_OBJC_IMPLEMENTATIONS = YES;
				CLANG_WARN_DIRECT_OBJC_ISA_USAGE = YES_ERROR;
				CLANG_WARN_DOCUMENTATION_COMMENTS = YES;
				CLANG_WARN_EMPTY_BODY = YES;
				CLANG_WARN_ENUM_CONVERSION = YES;
				CLANG_WARN_INFINITE_RECURSION = YES;
				CLANG_WARN_INT_CONVERSION = YES;
				CLANG_WARN_NON_LITERAL_NULL_CONVERSION = YES;
				CLANG_WARN_OBJC_IMPLICIT_RETAIN_SELF = YES;
				CLANG_WARN_OBJC_LITERAL_CONVERSION = YES;
				CLANG_WARN_OBJC_ROOT_CLASS = YES_ERROR;
				CLANG_WARN_QUOTED_INCLUDE_IN_FRAMEWORK_HEADER = YES;
				CLANG_WARN_RANGE_LOOP_ANALYSIS = YES;
				CLANG_WARN_STRICT_PROTOTYPES = YES;
				CLANG_WARN_SUSPICIOUS_MOVE = YES;
				CLANG_WARN_UNGUARDED_AVAILABILITY = YES_AGGRESSIVE;
				CLANG_WARN_UNREACHABLE_CODE = YES;
				CLANG_WARN__DUPLICATE_METHOD_MATCH = YES;
				COPY_PHASE_STRIP = NO;
				DEBUG_INFORMATION_FORMAT = "dwarf-with-dsym";
				ENABLE_NS_ASSERTIONS = NO;
				ENABLE_STRICT_OBJC_MSGSEND = YES;
				GCC_C_LANGUAGE_STANDARD = gnu11;
				GCC_NO_COMMON_BLOCKS = YES;
				GCC_WARN_64_TO_32_BIT_CONVERSION = YES;
				GCC_WARN_ABOUT_RETURN_TYPE = YES_ERROR;
				GCC_WARN_UNDECLARED_SELECTOR = YES;
				GCC_WARN_UNINITIALIZED_AUTOS = YES_AGGRESSIVE;
				GCC_WARN_UNUSED_FUNCTION = YES;
				GCC_WARN_UNUSED_VARIABLE = YES;
				IPHONEOS_DEPLOYMENT_TARGET = 14.4;
				MTL_ENABLE_DEBUG_INFO = NO;
				MTL_FAST_MATH = YES;
				SDKROOT = iphoneos;
				SWIFT_COMPILATION_MODE = wholemodule;
				SWIFT_OPTIMIZATION_LEVEL = "-O";
				VALIDATE_PRODUCT = YES;
			};
			name = Release;
		};
		4CDADF62260D266400EEB89F /* Debug */ = {
			isa = XCBuildConfiguration;
			buildSettings = {
				ASSETCATALOG_COMPILER_APPICON_NAME = AppIcon;
				ASSETCATALOG_COMPILER_GLOBAL_ACCENT_COLOR_NAME = AccentColor;
				CODE_SIGN_STYLE = Automatic;
				DEVELOPMENT_TEAM = YNSMJAS38V;
				INFOPLIST_FILE = AppStore/Info.plist;
				LD_RUNPATH_SEARCH_PATHS = (
					"$(inherited)",
					"@executable_path/Frameworks",
				);
				PRODUCT_BUNDLE_IDENTIFIER = com.williamyeung.AppStore;
				PRODUCT_NAME = "$(TARGET_NAME)";
				SWIFT_VERSION = 5.0;
				TARGETED_DEVICE_FAMILY = "1,2";
			};
			name = Debug;
		};
		4CDADF63260D266400EEB89F /* Release */ = {
			isa = XCBuildConfiguration;
			buildSettings = {
				ASSETCATALOG_COMPILER_APPICON_NAME = AppIcon;
				ASSETCATALOG_COMPILER_GLOBAL_ACCENT_COLOR_NAME = AccentColor;
				CODE_SIGN_STYLE = Automatic;
				DEVELOPMENT_TEAM = YNSMJAS38V;
				INFOPLIST_FILE = AppStore/Info.plist;
				LD_RUNPATH_SEARCH_PATHS = (
					"$(inherited)",
					"@executable_path/Frameworks",
				);
				PRODUCT_BUNDLE_IDENTIFIER = com.williamyeung.AppStore;
				PRODUCT_NAME = "$(TARGET_NAME)";
				SWIFT_VERSION = 5.0;
				TARGETED_DEVICE_FAMILY = "1,2";
			};
			name = Release;
		};
/* End XCBuildConfiguration section */

/* Begin XCConfigurationList section */
		4CDADF48260D266300EEB89F /* Build configuration list for PBXProject "AppStore" */ = {
			isa = XCConfigurationList;
			buildConfigurations = (
				4CDADF5F260D266400EEB89F /* Debug */,
				4CDADF60260D266400EEB89F /* Release */,
			);
			defaultConfigurationIsVisible = 0;
			defaultConfigurationName = Release;
		};
		4CDADF61260D266400EEB89F /* Build configuration list for PBXNativeTarget "AppStore" */ = {
			isa = XCConfigurationList;
			buildConfigurations = (
				4CDADF62260D266400EEB89F /* Debug */,
				4CDADF63260D266400EEB89F /* Release */,
			);
			defaultConfigurationIsVisible = 0;
			defaultConfigurationName = Release;
		};
/* End XCConfigurationList section */
	};
	rootObject = 4CDADF45260D266300EEB89F /* Project object */;
}
